
Microsoft Visual Studio Solution File, Format Version 12.00
# Visual Studio 15
VisualStudioVersion = 15.0.28307.421
MinimumVisualStudioVersion = 10.0.40219.1
Project("{FAE04EC0-301F-11D3-BF4B-00C04F79EFBC}") = "final1.0", "final1.0\final1.0.csproj", "{4E2A1EF2-0BE3-48A5-A298-53DC80AF2BDC}"
EndProject
Global
	GlobalSection(SolutionConfigurationPlatforms) = preSolution
		Debug|Any CPU = Debug|Any CPU
		Release|Any CPU = Release|Any CPU
	EndGlobalSection
	GlobalSection(ProjectConfigurationPlatforms) = postSolution
		{4E2A1EF2-0BE3-48A5-A298-53DC80AF2BDC}.Debug|Any CPU.ActiveCfg = Debug|Any CPU
		{4E2A1EF2-0BE3-48A5-A298-53DC80AF2BDC}.Debug|Any CPU.Build.0 = Debug|Any CPU
		{4E2A1EF2-0BE3-48A5-A298-53DC80AF2BDC}.Release|Any CPU.ActiveCfg = Release|Any CPU
		{4E2A1EF2-0BE3-48A5-A298-53DC80AF2BDC}.Release|Any CPU.Build.0 = Release|Any CPU
	EndGlobalSection
	GlobalSection(SolutionProperties) = preSolution
		HideSolutionNode = FALSE
	EndGlobalSection
	GlobalSection(ExtensibilityGlobals) = postSolution
		SolutionGuid = {00C6D161-B0D0-49A1-AD4C-920AED7F58D9}
	EndGlobalSection
EndGlobal
