
Microsoft Visual Studio Solution File, Format Version 12.00
# Visual Studio 15
VisualStudioVersion = 15.0.28307.489
MinimumVisualStudioVersion = 10.0.40219.1
Project("{FAE04EC0-301F-11D3-BF4B-00C04F79EFBC}") = "DSProject", "DSProject\DSProject.csproj", "{DC0354A9-31A6-4F71-9C04-4121441534F2}"
EndProject
Global
	GlobalSection(SolutionConfigurationPlatforms) = preSolution
		Debug|Any CPU = Debug|Any CPU
		Release|Any CPU = Release|Any CPU
	EndGlobalSection
	GlobalSection(ProjectConfigurationPlatforms) = postSolution
		{DC0354A9-31A6-4F71-9C04-4121441534F2}.Debug|Any CPU.ActiveCfg = Debug|Any CPU
		{DC0354A9-31A6-4F71-9C04-4121441534F2}.Debug|Any CPU.Build.0 = Debug|Any CPU
		{DC0354A9-31A6-4F71-9C04-4121441534F2}.Release|Any CPU.ActiveCfg = Release|Any CPU
		{DC0354A9-31A6-4F71-9C04-4121441534F2}.Release|Any CPU.Build.0 = Release|Any CPU
	EndGlobalSection
	GlobalSection(SolutionProperties) = preSolution
		HideSolutionNode = FALSE
	EndGlobalSection
	GlobalSection(ExtensibilityGlobals) = postSolution
		SolutionGuid = {64AEF473-8986-4D6E-88AA-22DC0774BAC7}
	EndGlobalSection
EndGlobal
